
Microsoft Visual Studio Solution File, Format Version 12.00
# Visual Studio Version 16
VisualStudioVersion = 16.0.29424.173
MinimumVisualStudioVersion = 10.0.40219.1
Project("{FAE04EC0-301F-11D3-BF4B-00C04F79EFBC}") = "ExchangeDataCom", "ConsoleApplication3\ExchangeDataCom.csproj", "{42AA0578-D542-4C60-B628-6E7474C961D5}"
EndProject
Project("{FAE04EC0-301F-11D3-BF4B-00C04F79EFBC}") = "Gematolog", "Gematolog\Gematolog.csproj", "{7B79F044-4259-4C86-AF6D-A0969F261627}"
EndProject
Project("{FAE04EC0-301F-11D3-BF4B-00C04F79EFBC}") = "Coagulometr", "Coagulometr\Coagulometr.csproj", "{78A6E3EC-60BB-4162-8C2D-800F5BDA535F}"
EndProject
Global
	GlobalSection(SolutionConfigurationPlatforms) = preSolution
		AppCom|Any CPU = AppCom|Any CPU
		Debug|Any CPU = Debug|Any CPU
		Release|Any CPU = Release|Any CPU
	EndGlobalSection
	GlobalSection(ProjectConfigurationPlatforms) = postSolution
		{42AA0578-D542-4C60-B628-6E7474C961D5}.AppCom|Any CPU.ActiveCfg = AppCom|Any CPU
		{42AA0578-D542-4C60-B628-6E7474C961D5}.Debug|Any CPU.ActiveCfg = Debug|Any CPU
		{42AA0578-D542-4C60-B628-6E7474C961D5}.Debug|Any CPU.Build.0 = Debug|Any CPU
		{42AA0578-D542-4C60-B628-6E7474C961D5}.Release|Any CPU.ActiveCfg = Release|Any CPU
		{42AA0578-D542-4C60-B628-6E7474C961D5}.Release|Any CPU.Build.0 = Release|Any CPU
		{7B79F044-4259-4C86-AF6D-A0969F261627}.AppCom|Any CPU.ActiveCfg = Release|Any CPU
		{7B79F044-4259-4C86-AF6D-A0969F261627}.AppCom|Any CPU.Build.0 = Release|Any CPU
		{7B79F044-4259-4C86-AF6D-A0969F261627}.Debug|Any CPU.ActiveCfg = Debug|Any CPU
		{7B79F044-4259-4C86-AF6D-A0969F261627}.Debug|Any CPU.Build.0 = Debug|Any CPU
		{7B79F044-4259-4C86-AF6D-A0969F261627}.Release|Any CPU.ActiveCfg = Release|Any CPU
		{7B79F044-4259-4C86-AF6D-A0969F261627}.Release|Any CPU.Build.0 = Release|Any CPU
		{78A6E3EC-60BB-4162-8C2D-800F5BDA535F}.AppCom|Any CPU.ActiveCfg = Release|Any CPU
		{78A6E3EC-60BB-4162-8C2D-800F5BDA535F}.AppCom|Any CPU.Build.0 = Release|Any CPU
		{78A6E3EC-60BB-4162-8C2D-800F5BDA535F}.Debug|Any CPU.ActiveCfg = Debug|Any CPU
		{78A6E3EC-60BB-4162-8C2D-800F5BDA535F}.Debug|Any CPU.Build.0 = Debug|Any CPU
		{78A6E3EC-60BB-4162-8C2D-800F5BDA535F}.Release|Any CPU.ActiveCfg = Release|Any CPU
		{78A6E3EC-60BB-4162-8C2D-800F5BDA535F}.Release|Any CPU.Build.0 = Release|Any CPU
	EndGlobalSection
	GlobalSection(SolutionProperties) = preSolution
		HideSolutionNode = FALSE
	EndGlobalSection
	GlobalSection(ExtensibilityGlobals) = postSolution
		SolutionGuid = {00884AF1-4DC8-44A4-BA16-A686C5491243}
	EndGlobalSection
EndGlobal
